{
  "name": "movo_visualizer",
  "version": "1.0.0",
  "lockfileVersion": 1,
  "requires": true,
  "dependencies": {
    "@webcomponents/webcomponentsjs": {
      "version": "2.4.1",
      "resolved": "https://registry.npmjs.org/@webcomponents/webcomponentsjs/-/webcomponentsjs-2.4.1.tgz",
      "integrity": "sha512-7jxBb+KoWncKb/JGFyTY40PjV4yRx2zd35ZLuvRP+6WndJDL7X32ZIZ7bN3sSQIl+NzJkCo7chfXJyzn+6WZaQ=="
    },
    "three": {
      "version": "0.113.2",
      "resolved": "https://registry.npmjs.org/three/-/three-0.113.2.tgz",
      "integrity": "sha512-x3vrKW41/UtbWbWduWKGlfIc043SvHWr3YltehYq+UGb9YglQ2oztNGvl2eut05JtNSmP11Mh3t6Xak5/0e+Fg=="
    },
    "urdf-loader": {
      "version": "0.8.0",
      "resolved": "https://registry.npmjs.org/urdf-loader/-/urdf-loader-0.8.0.tgz",
      "integrity": "sha512-0my7yb5h9zvCfCRxOIReDM/GKx/hj5HACqWN1wal2+6Xk0WgVOHkXkR0bTH1srwxiG8icD2uyY4x52yotJM4vA=="
    }
  }
}
